
Microsoft Visual Studio Solution File, Format Version 12.00
# Visual Studio Version 17
VisualStudioVersion = 17.3.32825.248
MinimumVisualStudioVersion = 10.0.40219.1
Project("{9A19103F-16F7-4668-BE54-9A1E7A4F7556}") = "DesafioFundamentos", "DesafioFundamentos.csproj", "{C9A25023-E6A9-4C71-B79A-004BD029174A}"
EndProject
Global
	GlobalSection(SolutionConfigurationPlatforms) = preSolution
		Debug|Any CPU = Debug|Any CPU
		Release|Any CPU = Release|Any CPU
	EndGlobalSection
	GlobalSection(ProjectConfigurationPlatforms) = postSolution
		{C9A25023-E6A9-4C71-B79A-004BD029174A}.Debug|Any CPU.ActiveCfg = Debug|Any CPU
		{C9A25023-E6A9-4C71-B79A-004BD029174A}.Debug|Any CPU.Build.0 = Debug|Any CPU
		{C9A25023-E6A9-4C71-B79A-004BD029174A}.Release|Any CPU.ActiveCfg = Release|Any CPU
		{C9A25023-E6A9-4C71-B79A-004BD029174A}.Release|Any CPU.Build.0 = Release|Any CPU
	EndGlobalSection
	GlobalSection(SolutionProperties) = preSolution
		HideSolutionNode = FALSE
	EndGlobalSection
	GlobalSection(ExtensibilityGlobals) = postSolution
		SolutionGuid = {C60F6449-5284-47CF-9B6F-64C46203D81E}
	EndGlobalSection
EndGlobal
